
Microsoft Visual Studio Solution File, Format Version 12.00
# Visual Studio 2013
VisualStudioVersion = 12.0.40629.0
MinimumVisualStudioVersion = 10.0.40219.1
Project("{FAE04EC0-301F-11D3-BF4B-00C04F79EFBC}") = "Task2_3", "Task2_3\Task2_3.csproj", "{1000915B-09E5-4C74-B27C-59D961FCEC73}"
EndProject
Project("{FAE04EC0-301F-11D3-BF4B-00C04F79EFBC}") = "Task2_4", "Task2_4\Task2_4.csproj", "{1554A239-2C79-4877-A9EC-815F02574886}"
EndProject
Project("{FAE04EC0-301F-11D3-BF4B-00C04F79EFBC}") = "Task3_1", "Task3_1\Task3_1.csproj", "{D5F9C9A4-6ABD-417B-9801-147E45AFA038}"
EndProject
Project("{FAE04EC0-301F-11D3-BF4B-00C04F79EFBC}") = "Task3_2", "Task3_2\Task3_2.csproj", "{556B4A3B-1A96-4C10-B2D4-85F247C74489}"
EndProject
Project("{FAE04EC0-301F-11D3-BF4B-00C04F79EFBC}") = "Task3_3", "Task3_3\Task3_3.csproj", "{88AC7114-776A-4B9A-90D0-0E5A70336EA2}"
EndProject
Project("{FAE04EC0-301F-11D3-BF4B-00C04F79EFBC}") = "Task4_1", "Task4_1\Task4_1.csproj", "{490CDC9D-1F49-46EF-8F1B-AEF01E2D3C7F}"
EndProject
Project("{FAE04EC0-301F-11D3-BF4B-00C04F79EFBC}") = "Task4_2", "Task4_2\Task4_2.csproj", "{F9008746-42E4-44B4-94C0-76A4BCA83181}"
EndProject
Project("{FAE04EC0-301F-11D3-BF4B-00C04F79EFBC}") = "Task2_2", "Task2_2\Task2_2.csproj", "{EDDC4BC5-B200-43C8-A5E0-583E715ECA17}"
EndProject
Project("{FAE04EC0-301F-11D3-BF4B-00C04F79EFBC}") = "Task4_3", "Task4_3\Task4_3.csproj", "{2D5E1D81-4251-4E2A-8F8B-27EA00957959}"
EndProject
Project("{FAE04EC0-301F-11D3-BF4B-00C04F79EFBC}") = "Task4_4", "Task4_4\Task4_4.csproj", "{AE76902A-6840-42F0-9CC2-AEC363CD68E6}"
EndProject
Global
	GlobalSection(SolutionConfigurationPlatforms) = preSolution
		Debug|Any CPU = Debug|Any CPU
		Release|Any CPU = Release|Any CPU
	EndGlobalSection
	GlobalSection(ProjectConfigurationPlatforms) = postSolution
		{1000915B-09E5-4C74-B27C-59D961FCEC73}.Debug|Any CPU.ActiveCfg = Debug|Any CPU
		{1000915B-09E5-4C74-B27C-59D961FCEC73}.Debug|Any CPU.Build.0 = Debug|Any CPU
		{1000915B-09E5-4C74-B27C-59D961FCEC73}.Release|Any CPU.ActiveCfg = Release|Any CPU
		{1000915B-09E5-4C74-B27C-59D961FCEC73}.Release|Any CPU.Build.0 = Release|Any CPU
		{1554A239-2C79-4877-A9EC-815F02574886}.Debug|Any CPU.ActiveCfg = Debug|Any CPU
		{1554A239-2C79-4877-A9EC-815F02574886}.Debug|Any CPU.Build.0 = Debug|Any CPU
		{1554A239-2C79-4877-A9EC-815F02574886}.Release|Any CPU.ActiveCfg = Release|Any CPU
		{1554A239-2C79-4877-A9EC-815F02574886}.Release|Any CPU.Build.0 = Release|Any CPU
		{D5F9C9A4-6ABD-417B-9801-147E45AFA038}.Debug|Any CPU.ActiveCfg = Debug|Any CPU
		{D5F9C9A4-6ABD-417B-9801-147E45AFA038}.Debug|Any CPU.Build.0 = Debug|Any CPU
		{D5F9C9A4-6ABD-417B-9801-147E45AFA038}.Release|Any CPU.ActiveCfg = Release|Any CPU
		{D5F9C9A4-6ABD-417B-9801-147E45AFA038}.Release|Any CPU.Build.0 = Release|Any CPU
		{556B4A3B-1A96-4C10-B2D4-85F247C74489}.Debug|Any CPU.ActiveCfg = Debug|Any CPU
		{556B4A3B-1A96-4C10-B2D4-85F247C74489}.Debug|Any CPU.Build.0 = Debug|Any CPU
		{556B4A3B-1A96-4C10-B2D4-85F247C74489}.Release|Any CPU.ActiveCfg = Release|Any CPU
		{556B4A3B-1A96-4C10-B2D4-85F247C74489}.Release|Any CPU.Build.0 = Release|Any CPU
		{88AC7114-776A-4B9A-90D0-0E5A70336EA2}.Debug|Any CPU.ActiveCfg = Debug|Any CPU
		{88AC7114-776A-4B9A-90D0-0E5A70336EA2}.Debug|Any CPU.Build.0 = Debug|Any CPU
		{88AC7114-776A-4B9A-90D0-0E5A70336EA2}.Release|Any CPU.ActiveCfg = Release|Any CPU
		{88AC7114-776A-4B9A-90D0-0E5A70336EA2}.Release|Any CPU.Build.0 = Release|Any CPU
		{490CDC9D-1F49-46EF-8F1B-AEF01E2D3C7F}.Debug|Any CPU.ActiveCfg = Debug|Any CPU
		{490CDC9D-1F49-46EF-8F1B-AEF01E2D3C7F}.Debug|Any CPU.Build.0 = Debug|Any CPU
		{490CDC9D-1F49-46EF-8F1B-AEF01E2D3C7F}.Release|Any CPU.ActiveCfg = Release|Any CPU
		{490CDC9D-1F49-46EF-8F1B-AEF01E2D3C7F}.Release|Any CPU.Build.0 = Release|Any CPU
		{F9008746-42E4-44B4-94C0-76A4BCA83181}.Debug|Any CPU.ActiveCfg = Debug|Any CPU
		{F9008746-42E4-44B4-94C0-76A4BCA83181}.Debug|Any CPU.Build.0 = Debug|Any CPU
		{F9008746-42E4-44B4-94C0-76A4BCA83181}.Release|Any CPU.ActiveCfg = Release|Any CPU
		{F9008746-42E4-44B4-94C0-76A4BCA83181}.Release|Any CPU.Build.0 = Release|Any CPU
		{EDDC4BC5-B200-43C8-A5E0-583E715ECA17}.Debug|Any CPU.ActiveCfg = Debug|Any CPU
		{EDDC4BC5-B200-43C8-A5E0-583E715ECA17}.Debug|Any CPU.Build.0 = Debug|Any CPU
		{EDDC4BC5-B200-43C8-A5E0-583E715ECA17}.Release|Any CPU.ActiveCfg = Release|Any CPU
		{EDDC4BC5-B200-43C8-A5E0-583E715ECA17}.Release|Any CPU.Build.0 = Release|Any CPU
		{2D5E1D81-4251-4E2A-8F8B-27EA00957959}.Debug|Any CPU.ActiveCfg = Debug|Any CPU
		{2D5E1D81-4251-4E2A-8F8B-27EA00957959}.Debug|Any CPU.Build.0 = Debug|Any CPU
		{2D5E1D81-4251-4E2A-8F8B-27EA00957959}.Release|Any CPU.ActiveCfg = Release|Any CPU
		{2D5E1D81-4251-4E2A-8F8B-27EA00957959}.Release|Any CPU.Build.0 = Release|Any CPU
		{AE76902A-6840-42F0-9CC2-AEC363CD68E6}.Debug|Any CPU.ActiveCfg = Debug|Any CPU
		{AE76902A-6840-42F0-9CC2-AEC363CD68E6}.Debug|Any CPU.Build.0 = Debug|Any CPU
		{AE76902A-6840-42F0-9CC2-AEC363CD68E6}.Release|Any CPU.ActiveCfg = Release|Any CPU
		{AE76902A-6840-42F0-9CC2-AEC363CD68E6}.Release|Any CPU.Build.0 = Release|Any CPU
	EndGlobalSection
	GlobalSection(SolutionProperties) = preSolution
		HideSolutionNode = FALSE
	EndGlobalSection
EndGlobal
